
Microsoft Visual Studio Solution File, Format Version 12.00
# Visual Studio Version 17
VisualStudioVersion = 17.6.33815.320
MinimumVisualStudioVersion = 10.0.40219.1
Project("{FAE04EC0-301F-11D3-BF4B-00C04F79EFBC}") = "SMTP-Email-Manager", "SMTP-Email-Manager.csproj", "{26571A29-9B6E-4CB5-9BEA-0DECA5189866}"
EndProject
Global
	GlobalSection(SolutionConfigurationPlatforms) = preSolution
		Debug|Any CPU = Debug|Any CPU
		Release|Any CPU = Release|Any CPU
	EndGlobalSection
	GlobalSection(ProjectConfigurationPlatforms) = postSolution
		{26571A29-9B6E-4CB5-9BEA-0DECA5189866}.Debug|Any CPU.ActiveCfg = Debug|Any CPU
		{26571A29-9B6E-4CB5-9BEA-0DECA5189866}.Debug|Any CPU.Build.0 = Debug|Any CPU
		{26571A29-9B6E-4CB5-9BEA-0DECA5189866}.Release|Any CPU.ActiveCfg = Release|Any CPU
		{26571A29-9B6E-4CB5-9BEA-0DECA5189866}.Release|Any CPU.Build.0 = Release|Any CPU
	EndGlobalSection
	GlobalSection(SolutionProperties) = preSolution
		HideSolutionNode = FALSE
	EndGlobalSection
	GlobalSection(ExtensibilityGlobals) = postSolution
		SolutionGuid = {95201EA0-EE98-44DB-8903-0330EDE0D964}
	EndGlobalSection
EndGlobal
